
Microsoft Visual Studio Solution File, Format Version 12.00
# Visual Studio Version 16
VisualStudioVersion = 16.0.32106.194
MinimumVisualStudioVersion = 10.0.40219.1
Project("{FAE04EC0-301F-11D3-BF4B-00C04F79EFBC}") = "TrainingAndDevelopment", "TrainingAndDevelopment\TrainingAndDevelopment.csproj", "{CCC7FF48-0ADF-4A8B-BDBA-84BB2BFDFD4B}"
EndProject
Project("{2150E333-8FDC-42A3-9474-1A3956D46DE8}") = "SolidPrinciples", "SolidPrinciples", "{B18C6BBF-9AE1-4C71-BD9B-7022FD842DEE}"
EndProject
Project("{FAE04EC0-301F-11D3-BF4B-00C04F79EFBC}") = "SingleResponsibilityPrinciple", "SolidPrinciples\SingleResponsibilityPrinciple\SingleResponsibilityPrinciple.csproj", "{A14523DA-039E-4AC3-A115-8EEBAC3C17D9}"
EndProject
Project("{FAE04EC0-301F-11D3-BF4B-00C04F79EFBC}") = "OpenClosedPrinciple", "SolidPrinciples\OpenClosedPrinciple\OpenClosedPrinciple.csproj", "{745B4CFF-C024-4961-BC00-B9D033F2C1D7}"
EndProject
Project("{FAE04EC0-301F-11D3-BF4B-00C04F79EFBC}") = "LiskovSubstitutionPrinciple", "SolidPrinciples\LiskovSubstitutionPrinciple\LiskovSubstitutionPrinciple.csproj", "{8D180F07-04BB-43B7-9154-58179618D5C4}"
EndProject
Project("{FAE04EC0-301F-11D3-BF4B-00C04F79EFBC}") = "InterfaceSegregationPrinciple", "SolidPrinciples\InterfaceSegregationPrinciple\InterfaceSegregationPrinciple.csproj", "{487106B1-9DB8-482A-8A2B-D0405359B6D2}"
EndProject
Project("{FAE04EC0-301F-11D3-BF4B-00C04F79EFBC}") = "DependencyInversionPrinciple", "SolidPrinciples\DependencyInversionPrinciple\DependencyInversionPrinciple.csproj", "{09822FAD-94CA-4A1F-A752-FF70AA18F8DB}"
EndProject
Project("{2150E333-8FDC-42A3-9474-1A3956D46DE8}") = "DesignPatterns", "DesignPatterns", "{34C3B305-3CB5-4EB4-A6A5-6786BBE6EFFD}"
EndProject
Project("{FAE04EC0-301F-11D3-BF4B-00C04F79EFBC}") = "FactoryMethodDesignPattern", "DesignPatterns\FactoryMethodDesignPattern\FactoryMethodDesignPattern.csproj", "{918FCB02-F70C-46E1-B3FA-E0130714D180}"
EndProject
Project("{FAE04EC0-301F-11D3-BF4B-00C04F79EFBC}") = "AbstractFactoryDesignPattern", "DesignPatterns\AbstractFactoryDesignPattern\AbstractFactoryDesignPattern.csproj", "{9E274D0C-8D8F-4D24-8C4F-4E9A927921EC}"
EndProject
Project("{FAE04EC0-301F-11D3-BF4B-00C04F79EFBC}") = "DecoratorDesignPattern", "DesignPatterns\DecoratorDesignPattern\DecoratorDesignPattern.csproj", "{355772A4-F2F6-4D1E-9B30-5C1231D70042}"
EndProject
Project("{FAE04EC0-301F-11D3-BF4B-00C04F79EFBC}") = "IteratorDesignPattern", "DesignPatterns\IteratorDesignPattern\IteratorDesignPattern.csproj", "{33C9634D-31D2-470A-A7B8-614F019376E0}"
EndProject
Project("{FAE04EC0-301F-11D3-BF4B-00C04F79EFBC}") = "ObserverDesignPattern", "DesignPatterns\ObserverDesignPattern\ObserverDesignPattern.csproj", "{C80F5B92-3FFD-4B61-A2F9-75667AFC9D13}"
EndProject
Project("{FAE04EC0-301F-11D3-BF4B-00C04F79EFBC}") = "SingletonDesignPattern", "DesignPatterns\SingletonDesignPattern\SingletonDesignPattern.csproj", "{32F0D0E6-2459-4FF5-AB0D-093AE10B27B4}"
EndProject
Project("{FAE04EC0-301F-11D3-BF4B-00C04F79EFBC}") = "StrategyDesignPattern", "DesignPatterns\StrategyDesignPattern\StrategyDesignPattern.csproj", "{92241BD2-F52E-4FB8-80ED-22AF42723AD3}"
EndProject
Project("{FAE04EC0-301F-11D3-BF4B-00C04F79EFBC}") = "VisitorDesignPattern", "DesignPatterns\VisitorDesignPattern\VisitorDesignPattern.csproj", "{DBF3FD61-9DE8-446F-8FB5-7F51AB6F1806}"
EndProject
Project("{2150E333-8FDC-42A3-9474-1A3956D46DE8}") = "TDD", "TDD", "{00BC4A44-F14A-4CE7-B28B-72D5E3D69CC8}"
EndProject
Project("{FAE04EC0-301F-11D3-BF4B-00C04F79EFBC}") = "CalculatorTestProject", "TDD\CalculatorTestProject\CalculatorTestProject.csproj", "{5A95AFE9-1BF5-4F03-B068-F3A3E1249D4F}"
EndProject
Project("{FAE04EC0-301F-11D3-BF4B-00C04F79EFBC}") = "Calculator", "TDD\Calculator\Calculator.csproj", "{EFC73DD8-B895-4143-AFC4-349BF4A13123}"
EndProject
Project("{FAE04EC0-301F-11D3-BF4B-00C04F79EFBC}") = "Polymorphism", "TDD\Polymorphism\Polymorphism.csproj", "{3EF17775-8AA7-410D-BD53-05A66A404C52}"
EndProject
Project("{FAE04EC0-301F-11D3-BF4B-00C04F79EFBC}") = "PolymorphismTestProject", "TDD\PolymorphismTestProject\PolymorphismTestProject.csproj", "{8BEFD95C-9084-4C88-84C5-99FB44BF7671}"
EndProject
Project("{FAE04EC0-301F-11D3-BF4B-00C04F79EFBC}") = "Mocking", "TDD\Mocking\Mocking.csproj", "{E4630B1C-FC71-4A4C-860B-D92CEFDC2876}"
EndProject
Project("{FAE04EC0-301F-11D3-BF4B-00C04F79EFBC}") = "MockingTestProject", "TDD\MockingTestProject\MockingTestProject.csproj", "{ABB7B634-E1E8-427F-A220-E78451F4EDEF}"
EndProject
Project("{2150E333-8FDC-42A3-9474-1A3956D46DE8}") = "Exercises", "Exercises", "{262E18E6-55E0-48C6-BC02-58C89A14E15B}"
EndProject
Project("{FAE04EC0-301F-11D3-BF4B-00C04F79EFBC}") = "School", "Exercises\School\School.csproj", "{E3CB07D4-84D3-4F14-B232-9299FF137BC2}"
EndProject
Project("{2150E333-8FDC-42A3-9474-1A3956D46DE8}") = "CSharp", "CSharp", "{20D28730-5999-4E77-93F2-17E561853A5A}"
EndProject
Project("{FAE04EC0-301F-11D3-BF4B-00C04F79EFBC}") = "AbstractClassesDemo", "CSharp\AbstractClassesDemo\AbstractClassesDemo.csproj", "{4C2177D8-29C4-48BF-9F22-19CF0B29FD89}"
EndProject
Project("{FAE04EC0-301F-11D3-BF4B-00C04F79EFBC}") = "ArraysDemo", "CSharp\ArraysDemo\ArraysDemo.csproj", "{308B90E0-3654-4732-9BD5-E1ADDE651D03}"
EndProject
Project("{FAE04EC0-301F-11D3-BF4B-00C04F79EFBC}") = "ClassDemo", "CSharp\ClassDemo\ClassDemo.csproj", "{9D6B8B33-7B42-49BA-80DF-6A39C6D0A439}"
EndProject
Project("{FAE04EC0-301F-11D3-BF4B-00C04F79EFBC}") = "CustomExceptionDemo", "CSharp\CustomExceptionDemo\CustomExceptionDemo.csproj", "{19C7E0BE-3DE3-4477-85F5-48CE038B68D8}"
EndProject
Project("{FAE04EC0-301F-11D3-BF4B-00C04F79EFBC}") = "DateTimeDemo", "CSharp\DateTimeDemo\DateTimeDemo.csproj", "{C7F0022A-D385-446E-838C-7B69060BD01A}"
EndProject
Project("{FAE04EC0-301F-11D3-BF4B-00C04F79EFBC}") = "DelegatesDemo", "CSharp\DelegatesDemo\DelegatesDemo.csproj", "{CF14DC3B-3FFA-472E-8AB3-33D68AD7AEC1}"
EndProject
Project("{FAE04EC0-301F-11D3-BF4B-00C04F79EFBC}") = "DictionaryDemo", "CSharp\DictionaryDemo\DictionaryDemo.csproj", "{5836FA39-64EB-4A64-ACDE-CE6DD54F016C}"
EndProject
Project("{FAE04EC0-301F-11D3-BF4B-00C04F79EFBC}") = "Encapsulation", "CSharp\Encapsulation\Encapsulation.csproj", "{8A5BB84C-7CA6-4CF2-AE62-490A3204EF9C}"
EndProject
Project("{FAE04EC0-301F-11D3-BF4B-00C04F79EFBC}") = "EssentialTraining", "CSharp\EssentialTraining\EssentialTraining.csproj", "{19F0FD24-E0D6-4C53-B67E-7E5AA72C0C2A}"
EndProject
Project("{FAE04EC0-301F-11D3-BF4B-00C04F79EFBC}") = "EssentialTrainingApp", "CSharp\EssentialTrainingApp\EssentialTrainingApp.csproj", "{BB25437C-30A2-46FB-9E49-45A3AF45FB9A}"
EndProject
Project("{FAE04EC0-301F-11D3-BF4B-00C04F79EFBC}") = "EssentialTrainingTest", "CSharp\EssentialTrainingTest\EssentialTrainingTest.csproj", "{BF30D11E-B902-4115-9A6F-F15B7E4163DA}"
EndProject
Project("{FAE04EC0-301F-11D3-BF4B-00C04F79EFBC}") = "ExceptionDemo", "CSharp\ExceptionDemo\ExceptionDemo.csproj", "{144B9268-C14D-459F-9F5A-AB284E8BF2F1}"
EndProject
Project("{FAE04EC0-301F-11D3-BF4B-00C04F79EFBC}") = "PizzaOrderSystem", "Exercises\PizzaOrderSystem\PizzaOrderSystem.csproj", "{0180F8C5-0A64-4CD8-8774-195DD0A6C731}"
EndProject
Global
	GlobalSection(SolutionConfigurationPlatforms) = preSolution
		Debug|Any CPU = Debug|Any CPU
		Release|Any CPU = Release|Any CPU
	EndGlobalSection
	GlobalSection(ProjectConfigurationPlatforms) = postSolution
		{CCC7FF48-0ADF-4A8B-BDBA-84BB2BFDFD4B}.Debug|Any CPU.ActiveCfg = Debug|Any CPU
		{CCC7FF48-0ADF-4A8B-BDBA-84BB2BFDFD4B}.Debug|Any CPU.Build.0 = Debug|Any CPU
		{CCC7FF48-0ADF-4A8B-BDBA-84BB2BFDFD4B}.Release|Any CPU.ActiveCfg = Release|Any CPU
		{CCC7FF48-0ADF-4A8B-BDBA-84BB2BFDFD4B}.Release|Any CPU.Build.0 = Release|Any CPU
		{A14523DA-039E-4AC3-A115-8EEBAC3C17D9}.Debug|Any CPU.ActiveCfg = Debug|Any CPU
		{A14523DA-039E-4AC3-A115-8EEBAC3C17D9}.Debug|Any CPU.Build.0 = Debug|Any CPU
		{A14523DA-039E-4AC3-A115-8EEBAC3C17D9}.Release|Any CPU.ActiveCfg = Release|Any CPU
		{A14523DA-039E-4AC3-A115-8EEBAC3C17D9}.Release|Any CPU.Build.0 = Release|Any CPU
		{745B4CFF-C024-4961-BC00-B9D033F2C1D7}.Debug|Any CPU.ActiveCfg = Debug|Any CPU
		{745B4CFF-C024-4961-BC00-B9D033F2C1D7}.Debug|Any CPU.Build.0 = Debug|Any CPU
		{745B4CFF-C024-4961-BC00-B9D033F2C1D7}.Release|Any CPU.ActiveCfg = Release|Any CPU
		{745B4CFF-C024-4961-BC00-B9D033F2C1D7}.Release|Any CPU.Build.0 = Release|Any CPU
		{8D180F07-04BB-43B7-9154-58179618D5C4}.Debug|Any CPU.ActiveCfg = Debug|Any CPU
		{8D180F07-04BB-43B7-9154-58179618D5C4}.Debug|Any CPU.Build.0 = Debug|Any CPU
		{8D180F07-04BB-43B7-9154-58179618D5C4}.Release|Any CPU.ActiveCfg = Release|Any CPU
		{8D180F07-04BB-43B7-9154-58179618D5C4}.Release|Any CPU.Build.0 = Release|Any CPU
		{487106B1-9DB8-482A-8A2B-D0405359B6D2}.Debug|Any CPU.ActiveCfg = Debug|Any CPU
		{487106B1-9DB8-482A-8A2B-D0405359B6D2}.Debug|Any CPU.Build.0 = Debug|Any CPU
		{487106B1-9DB8-482A-8A2B-D0405359B6D2}.Release|Any CPU.ActiveCfg = Release|Any CPU
		{487106B1-9DB8-482A-8A2B-D0405359B6D2}.Release|Any CPU.Build.0 = Release|Any CPU
		{09822FAD-94CA-4A1F-A752-FF70AA18F8DB}.Debug|Any CPU.ActiveCfg = Debug|Any CPU
		{09822FAD-94CA-4A1F-A752-FF70AA18F8DB}.Debug|Any CPU.Build.0 = Debug|Any CPU
		{09822FAD-94CA-4A1F-A752-FF70AA18F8DB}.Release|Any CPU.ActiveCfg = Release|Any CPU
		{09822FAD-94CA-4A1F-A752-FF70AA18F8DB}.Release|Any CPU.Build.0 = Release|Any CPU
		{918FCB02-F70C-46E1-B3FA-E0130714D180}.Debug|Any CPU.ActiveCfg = Debug|Any CPU
		{918FCB02-F70C-46E1-B3FA-E0130714D180}.Debug|Any CPU.Build.0 = Debug|Any CPU
		{918FCB02-F70C-46E1-B3FA-E0130714D180}.Release|Any CPU.ActiveCfg = Release|Any CPU
		{918FCB02-F70C-46E1-B3FA-E0130714D180}.Release|Any CPU.Build.0 = Release|Any CPU
		{9E274D0C-8D8F-4D24-8C4F-4E9A927921EC}.Debug|Any CPU.ActiveCfg = Debug|Any CPU
		{9E274D0C-8D8F-4D24-8C4F-4E9A927921EC}.Debug|Any CPU.Build.0 = Debug|Any CPU
		{9E274D0C-8D8F-4D24-8C4F-4E9A927921EC}.Release|Any CPU.ActiveCfg = Release|Any CPU
		{9E274D0C-8D8F-4D24-8C4F-4E9A927921EC}.Release|Any CPU.Build.0 = Release|Any CPU
		{355772A4-F2F6-4D1E-9B30-5C1231D70042}.Debug|Any CPU.ActiveCfg = Debug|Any CPU
		{355772A4-F2F6-4D1E-9B30-5C1231D70042}.Debug|Any CPU.Build.0 = Debug|Any CPU
		{355772A4-F2F6-4D1E-9B30-5C1231D70042}.Release|Any CPU.ActiveCfg = Release|Any CPU
		{355772A4-F2F6-4D1E-9B30-5C1231D70042}.Release|Any CPU.Build.0 = Release|Any CPU
		{33C9634D-31D2-470A-A7B8-614F019376E0}.Debug|Any CPU.ActiveCfg = Debug|Any CPU
		{33C9634D-31D2-470A-A7B8-614F019376E0}.Debug|Any CPU.Build.0 = Debug|Any CPU
		{33C9634D-31D2-470A-A7B8-614F019376E0}.Release|Any CPU.ActiveCfg = Release|Any CPU
		{33C9634D-31D2-470A-A7B8-614F019376E0}.Release|Any CPU.Build.0 = Release|Any CPU
		{C80F5B92-3FFD-4B61-A2F9-75667AFC9D13}.Debug|Any CPU.ActiveCfg = Debug|Any CPU
		{C80F5B92-3FFD-4B61-A2F9-75667AFC9D13}.Debug|Any CPU.Build.0 = Debug|Any CPU
		{C80F5B92-3FFD-4B61-A2F9-75667AFC9D13}.Release|Any CPU.ActiveCfg = Release|Any CPU
		{C80F5B92-3FFD-4B61-A2F9-75667AFC9D13}.Release|Any CPU.Build.0 = Release|Any CPU
		{32F0D0E6-2459-4FF5-AB0D-093AE10B27B4}.Debug|Any CPU.ActiveCfg = Debug|Any CPU
		{32F0D0E6-2459-4FF5-AB0D-093AE10B27B4}.Debug|Any CPU.Build.0 = Debug|Any CPU
		{32F0D0E6-2459-4FF5-AB0D-093AE10B27B4}.Release|Any CPU.ActiveCfg = Release|Any CPU
		{32F0D0E6-2459-4FF5-AB0D-093AE10B27B4}.Release|Any CPU.Build.0 = Release|Any CPU
		{92241BD2-F52E-4FB8-80ED-22AF42723AD3}.Debug|Any CPU.ActiveCfg = Debug|Any CPU
		{92241BD2-F52E-4FB8-80ED-22AF42723AD3}.Debug|Any CPU.Build.0 = Debug|Any CPU
		{92241BD2-F52E-4FB8-80ED-22AF42723AD3}.Release|Any CPU.ActiveCfg = Release|Any CPU
		{92241BD2-F52E-4FB8-80ED-22AF42723AD3}.Release|Any CPU.Build.0 = Release|Any CPU
		{DBF3FD61-9DE8-446F-8FB5-7F51AB6F1806}.Debug|Any CPU.ActiveCfg = Debug|Any CPU
		{DBF3FD61-9DE8-446F-8FB5-7F51AB6F1806}.Debug|Any CPU.Build.0 = Debug|Any CPU
		{DBF3FD61-9DE8-446F-8FB5-7F51AB6F1806}.Release|Any CPU.ActiveCfg = Release|Any CPU
		{DBF3FD61-9DE8-446F-8FB5-7F51AB6F1806}.Release|Any CPU.Build.0 = Release|Any CPU
		{5A95AFE9-1BF5-4F03-B068-F3A3E1249D4F}.Debug|Any CPU.ActiveCfg = Debug|Any CPU
		{5A95AFE9-1BF5-4F03-B068-F3A3E1249D4F}.Debug|Any CPU.Build.0 = Debug|Any CPU
		{5A95AFE9-1BF5-4F03-B068-F3A3E1249D4F}.Release|Any CPU.ActiveCfg = Release|Any CPU
		{5A95AFE9-1BF5-4F03-B068-F3A3E1249D4F}.Release|Any CPU.Build.0 = Release|Any CPU
		{EFC73DD8-B895-4143-AFC4-349BF4A13123}.Debug|Any CPU.ActiveCfg = Debug|Any CPU
		{EFC73DD8-B895-4143-AFC4-349BF4A13123}.Debug|Any CPU.Build.0 = Debug|Any CPU
		{EFC73DD8-B895-4143-AFC4-349BF4A13123}.Release|Any CPU.ActiveCfg = Release|Any CPU
		{EFC73DD8-B895-4143-AFC4-349BF4A13123}.Release|Any CPU.Build.0 = Release|Any CPU
		{3EF17775-8AA7-410D-BD53-05A66A404C52}.Debug|Any CPU.ActiveCfg = Debug|Any CPU
		{3EF17775-8AA7-410D-BD53-05A66A404C52}.Debug|Any CPU.Build.0 = Debug|Any CPU
		{3EF17775-8AA7-410D-BD53-05A66A404C52}.Release|Any CPU.ActiveCfg = Release|Any CPU
		{3EF17775-8AA7-410D-BD53-05A66A404C52}.Release|Any CPU.Build.0 = Release|Any CPU
		{8BEFD95C-9084-4C88-84C5-99FB44BF7671}.Debug|Any CPU.ActiveCfg = Debug|Any CPU
		{8BEFD95C-9084-4C88-84C5-99FB44BF7671}.Debug|Any CPU.Build.0 = Debug|Any CPU
		{8BEFD95C-9084-4C88-84C5-99FB44BF7671}.Release|Any CPU.ActiveCfg = Release|Any CPU
		{8BEFD95C-9084-4C88-84C5-99FB44BF7671}.Release|Any CPU.Build.0 = Release|Any CPU
		{E4630B1C-FC71-4A4C-860B-D92CEFDC2876}.Debug|Any CPU.ActiveCfg = Debug|Any CPU
		{E4630B1C-FC71-4A4C-860B-D92CEFDC2876}.Debug|Any CPU.Build.0 = Debug|Any CPU
		{E4630B1C-FC71-4A4C-860B-D92CEFDC2876}.Release|Any CPU.ActiveCfg = Release|Any CPU
		{E4630B1C-FC71-4A4C-860B-D92CEFDC2876}.Release|Any CPU.Build.0 = Release|Any CPU
		{ABB7B634-E1E8-427F-A220-E78451F4EDEF}.Debug|Any CPU.ActiveCfg = Debug|Any CPU
		{ABB7B634-E1E8-427F-A220-E78451F4EDEF}.Debug|Any CPU.Build.0 = Debug|Any CPU
		{ABB7B634-E1E8-427F-A220-E78451F4EDEF}.Release|Any CPU.ActiveCfg = Release|Any CPU
		{ABB7B634-E1E8-427F-A220-E78451F4EDEF}.Release|Any CPU.Build.0 = Release|Any CPU
		{E3CB07D4-84D3-4F14-B232-9299FF137BC2}.Debug|Any CPU.ActiveCfg = Debug|Any CPU
		{E3CB07D4-84D3-4F14-B232-9299FF137BC2}.Debug|Any CPU.Build.0 = Debug|Any CPU
		{E3CB07D4-84D3-4F14-B232-9299FF137BC2}.Release|Any CPU.ActiveCfg = Release|Any CPU
		{E3CB07D4-84D3-4F14-B232-9299FF137BC2}.Release|Any CPU.Build.0 = Release|Any CPU
		{4C2177D8-29C4-48BF-9F22-19CF0B29FD89}.Debug|Any CPU.ActiveCfg = Debug|Any CPU
		{4C2177D8-29C4-48BF-9F22-19CF0B29FD89}.Debug|Any CPU.Build.0 = Debug|Any CPU
		{4C2177D8-29C4-48BF-9F22-19CF0B29FD89}.Release|Any CPU.ActiveCfg = Release|Any CPU
		{4C2177D8-29C4-48BF-9F22-19CF0B29FD89}.Release|Any CPU.Build.0 = Release|Any CPU
		{308B90E0-3654-4732-9BD5-E1ADDE651D03}.Debug|Any CPU.ActiveCfg = Debug|Any CPU
		{308B90E0-3654-4732-9BD5-E1ADDE651D03}.Debug|Any CPU.Build.0 = Debug|Any CPU
		{308B90E0-3654-4732-9BD5-E1ADDE651D03}.Release|Any CPU.ActiveCfg = Release|Any CPU
		{308B90E0-3654-4732-9BD5-E1ADDE651D03}.Release|Any CPU.Build.0 = Release|Any CPU
		{9D6B8B33-7B42-49BA-80DF-6A39C6D0A439}.Debug|Any CPU.ActiveCfg = Debug|Any CPU
		{9D6B8B33-7B42-49BA-80DF-6A39C6D0A439}.Debug|Any CPU.Build.0 = Debug|Any CPU
		{9D6B8B33-7B42-49BA-80DF-6A39C6D0A439}.Release|Any CPU.ActiveCfg = Release|Any CPU
		{9D6B8B33-7B42-49BA-80DF-6A39C6D0A439}.Release|Any CPU.Build.0 = Release|Any CPU
		{19C7E0BE-3DE3-4477-85F5-48CE038B68D8}.Debug|Any CPU.ActiveCfg = Debug|Any CPU
		{19C7E0BE-3DE3-4477-85F5-48CE038B68D8}.Debug|Any CPU.Build.0 = Debug|Any CPU
		{19C7E0BE-3DE3-4477-85F5-48CE038B68D8}.Release|Any CPU.ActiveCfg = Release|Any CPU
		{19C7E0BE-3DE3-4477-85F5-48CE038B68D8}.Release|Any CPU.Build.0 = Release|Any CPU
		{C7F0022A-D385-446E-838C-7B69060BD01A}.Debug|Any CPU.ActiveCfg = Debug|Any CPU
		{C7F0022A-D385-446E-838C-7B69060BD01A}.Debug|Any CPU.Build.0 = Debug|Any CPU
		{C7F0022A-D385-446E-838C-7B69060BD01A}.Release|Any CPU.ActiveCfg = Release|Any CPU
		{C7F0022A-D385-446E-838C-7B69060BD01A}.Release|Any CPU.Build.0 = Release|Any CPU
		{CF14DC3B-3FFA-472E-8AB3-33D68AD7AEC1}.Debug|Any CPU.ActiveCfg = Debug|Any CPU
		{CF14DC3B-3FFA-472E-8AB3-33D68AD7AEC1}.Debug|Any CPU.Build.0 = Debug|Any CPU
		{CF14DC3B-3FFA-472E-8AB3-33D68AD7AEC1}.Release|Any CPU.ActiveCfg = Release|Any CPU
		{CF14DC3B-3FFA-472E-8AB3-33D68AD7AEC1}.Release|Any CPU.Build.0 = Release|Any CPU
		{5836FA39-64EB-4A64-ACDE-CE6DD54F016C}.Debug|Any CPU.ActiveCfg = Debug|Any CPU
		{5836FA39-64EB-4A64-ACDE-CE6DD54F016C}.Debug|Any CPU.Build.0 = Debug|Any CPU
		{5836FA39-64EB-4A64-ACDE-CE6DD54F016C}.Release|Any CPU.ActiveCfg = Release|Any CPU
		{5836FA39-64EB-4A64-ACDE-CE6DD54F016C}.Release|Any CPU.Build.0 = Release|Any CPU
		{8A5BB84C-7CA6-4CF2-AE62-490A3204EF9C}.Debug|Any CPU.ActiveCfg = Debug|Any CPU
		{8A5BB84C-7CA6-4CF2-AE62-490A3204EF9C}.Debug|Any CPU.Build.0 = Debug|Any CPU
		{8A5BB84C-7CA6-4CF2-AE62-490A3204EF9C}.Release|Any CPU.ActiveCfg = Release|Any CPU
		{8A5BB84C-7CA6-4CF2-AE62-490A3204EF9C}.Release|Any CPU.Build.0 = Release|Any CPU
		{19F0FD24-E0D6-4C53-B67E-7E5AA72C0C2A}.Debug|Any CPU.ActiveCfg = Debug|Any CPU
		{19F0FD24-E0D6-4C53-B67E-7E5AA72C0C2A}.Debug|Any CPU.Build.0 = Debug|Any CPU
		{19F0FD24-E0D6-4C53-B67E-7E5AA72C0C2A}.Release|Any CPU.ActiveCfg = Release|Any CPU
		{19F0FD24-E0D6-4C53-B67E-7E5AA72C0C2A}.Release|Any CPU.Build.0 = Release|Any CPU
		{BB25437C-30A2-46FB-9E49-45A3AF45FB9A}.Debug|Any CPU.ActiveCfg = Debug|Any CPU
		{BB25437C-30A2-46FB-9E49-45A3AF45FB9A}.Debug|Any CPU.Build.0 = Debug|Any CPU
		{BB25437C-30A2-46FB-9E49-45A3AF45FB9A}.Release|Any CPU.ActiveCfg = Release|Any CPU
		{BB25437C-30A2-46FB-9E49-45A3AF45FB9A}.Release|Any CPU.Build.0 = Release|Any CPU
		{BF30D11E-B902-4115-9A6F-F15B7E4163DA}.Debug|Any CPU.ActiveCfg = Debug|Any CPU
		{BF30D11E-B902-4115-9A6F-F15B7E4163DA}.Debug|Any CPU.Build.0 = Debug|Any CPU
		{BF30D11E-B902-4115-9A6F-F15B7E4163DA}.Release|Any CPU.ActiveCfg = Release|Any CPU
		{BF30D11E-B902-4115-9A6F-F15B7E4163DA}.Release|Any CPU.Build.0 = Release|Any CPU
		{144B9268-C14D-459F-9F5A-AB284E8BF2F1}.Debug|Any CPU.ActiveCfg = Debug|Any CPU
		{144B9268-C14D-459F-9F5A-AB284E8BF2F1}.Debug|Any CPU.Build.0 = Debug|Any CPU
		{144B9268-C14D-459F-9F5A-AB284E8BF2F1}.Release|Any CPU.ActiveCfg = Release|Any CPU
		{144B9268-C14D-459F-9F5A-AB284E8BF2F1}.Release|Any CPU.Build.0 = Release|Any CPU
		{0180F8C5-0A64-4CD8-8774-195DD0A6C731}.Debug|Any CPU.ActiveCfg = Debug|Any CPU
		{0180F8C5-0A64-4CD8-8774-195DD0A6C731}.Debug|Any CPU.Build.0 = Debug|Any CPU
		{0180F8C5-0A64-4CD8-8774-195DD0A6C731}.Release|Any CPU.ActiveCfg = Release|Any CPU
		{0180F8C5-0A64-4CD8-8774-195DD0A6C731}.Release|Any CPU.Build.0 = Release|Any CPU
	EndGlobalSection
	GlobalSection(SolutionProperties) = preSolution
		HideSolutionNode = FALSE
	EndGlobalSection
	GlobalSection(NestedProjects) = preSolution
		{A14523DA-039E-4AC3-A115-8EEBAC3C17D9} = {B18C6BBF-9AE1-4C71-BD9B-7022FD842DEE}
		{745B4CFF-C024-4961-BC00-B9D033F2C1D7} = {B18C6BBF-9AE1-4C71-BD9B-7022FD842DEE}
		{8D180F07-04BB-43B7-9154-58179618D5C4} = {B18C6BBF-9AE1-4C71-BD9B-7022FD842DEE}
		{487106B1-9DB8-482A-8A2B-D0405359B6D2} = {B18C6BBF-9AE1-4C71-BD9B-7022FD842DEE}
		{09822FAD-94CA-4A1F-A752-FF70AA18F8DB} = {B18C6BBF-9AE1-4C71-BD9B-7022FD842DEE}
		{918FCB02-F70C-46E1-B3FA-E0130714D180} = {34C3B305-3CB5-4EB4-A6A5-6786BBE6EFFD}
		{9E274D0C-8D8F-4D24-8C4F-4E9A927921EC} = {34C3B305-3CB5-4EB4-A6A5-6786BBE6EFFD}
		{355772A4-F2F6-4D1E-9B30-5C1231D70042} = {34C3B305-3CB5-4EB4-A6A5-6786BBE6EFFD}
		{33C9634D-31D2-470A-A7B8-614F019376E0} = {34C3B305-3CB5-4EB4-A6A5-6786BBE6EFFD}
		{C80F5B92-3FFD-4B61-A2F9-75667AFC9D13} = {34C3B305-3CB5-4EB4-A6A5-6786BBE6EFFD}
		{32F0D0E6-2459-4FF5-AB0D-093AE10B27B4} = {34C3B305-3CB5-4EB4-A6A5-6786BBE6EFFD}
		{92241BD2-F52E-4FB8-80ED-22AF42723AD3} = {34C3B305-3CB5-4EB4-A6A5-6786BBE6EFFD}
		{DBF3FD61-9DE8-446F-8FB5-7F51AB6F1806} = {34C3B305-3CB5-4EB4-A6A5-6786BBE6EFFD}
		{5A95AFE9-1BF5-4F03-B068-F3A3E1249D4F} = {00BC4A44-F14A-4CE7-B28B-72D5E3D69CC8}
		{EFC73DD8-B895-4143-AFC4-349BF4A13123} = {00BC4A44-F14A-4CE7-B28B-72D5E3D69CC8}
		{3EF17775-8AA7-410D-BD53-05A66A404C52} = {00BC4A44-F14A-4CE7-B28B-72D5E3D69CC8}
		{8BEFD95C-9084-4C88-84C5-99FB44BF7671} = {00BC4A44-F14A-4CE7-B28B-72D5E3D69CC8}
		{E4630B1C-FC71-4A4C-860B-D92CEFDC2876} = {00BC4A44-F14A-4CE7-B28B-72D5E3D69CC8}
		{ABB7B634-E1E8-427F-A220-E78451F4EDEF} = {00BC4A44-F14A-4CE7-B28B-72D5E3D69CC8}
		{E3CB07D4-84D3-4F14-B232-9299FF137BC2} = {262E18E6-55E0-48C6-BC02-58C89A14E15B}
		{4C2177D8-29C4-48BF-9F22-19CF0B29FD89} = {20D28730-5999-4E77-93F2-17E561853A5A}
		{308B90E0-3654-4732-9BD5-E1ADDE651D03} = {20D28730-5999-4E77-93F2-17E561853A5A}
		{9D6B8B33-7B42-49BA-80DF-6A39C6D0A439} = {20D28730-5999-4E77-93F2-17E561853A5A}
		{19C7E0BE-3DE3-4477-85F5-48CE038B68D8} = {20D28730-5999-4E77-93F2-17E561853A5A}
		{C7F0022A-D385-446E-838C-7B69060BD01A} = {20D28730-5999-4E77-93F2-17E561853A5A}
		{CF14DC3B-3FFA-472E-8AB3-33D68AD7AEC1} = {20D28730-5999-4E77-93F2-17E561853A5A}
		{5836FA39-64EB-4A64-ACDE-CE6DD54F016C} = {20D28730-5999-4E77-93F2-17E561853A5A}
		{8A5BB84C-7CA6-4CF2-AE62-490A3204EF9C} = {20D28730-5999-4E77-93F2-17E561853A5A}
		{19F0FD24-E0D6-4C53-B67E-7E5AA72C0C2A} = {20D28730-5999-4E77-93F2-17E561853A5A}
		{BB25437C-30A2-46FB-9E49-45A3AF45FB9A} = {20D28730-5999-4E77-93F2-17E561853A5A}
		{BF30D11E-B902-4115-9A6F-F15B7E4163DA} = {20D28730-5999-4E77-93F2-17E561853A5A}
		{144B9268-C14D-459F-9F5A-AB284E8BF2F1} = {20D28730-5999-4E77-93F2-17E561853A5A}
		{0180F8C5-0A64-4CD8-8774-195DD0A6C731} = {262E18E6-55E0-48C6-BC02-58C89A14E15B}
	EndGlobalSection
	GlobalSection(ExtensibilityGlobals) = postSolution
		SolutionGuid = {FB8F3EF8-FD6F-4139-B546-6CA3108C0386}
	EndGlobalSection
EndGlobal
