
Microsoft Visual Studio Solution File, Format Version 12.00
# Visual Studio Version 16
VisualStudioVersion = 16.0.32106.194
MinimumVisualStudioVersion = 10.0.40219.1
Project("{FAE04EC0-301F-11D3-BF4B-00C04F79EFBC}") = "TrainingAndDevelopment", "TrainingAndDevelopment\TrainingAndDevelopment.csproj", "{CCC7FF48-0ADF-4A8B-BDBA-84BB2BFDFD4B}"
EndProject
Project("{2150E333-8FDC-42A3-9474-1A3956D46DE8}") = "SolidPrinciples", "SolidPrinciples", "{B18C6BBF-9AE1-4C71-BD9B-7022FD842DEE}"
EndProject
Project("{FAE04EC0-301F-11D3-BF4B-00C04F79EFBC}") = "SingleResponsibilityPrinciple", "SolidPrinciples\SingleResponsibilityPrinciple\SingleResponsibilityPrinciple.csproj", "{A14523DA-039E-4AC3-A115-8EEBAC3C17D9}"
EndProject
Project("{FAE04EC0-301F-11D3-BF4B-00C04F79EFBC}") = "OpenClosedPrinciple", "SolidPrinciples\OpenClosedPrinciple\OpenClosedPrinciple.csproj", "{745B4CFF-C024-4961-BC00-B9D033F2C1D7}"
EndProject
Global
	GlobalSection(SolutionConfigurationPlatforms) = preSolution
		Debug|Any CPU = Debug|Any CPU
		Release|Any CPU = Release|Any CPU
	EndGlobalSection
	GlobalSection(ProjectConfigurationPlatforms) = postSolution
		{CCC7FF48-0ADF-4A8B-BDBA-84BB2BFDFD4B}.Debug|Any CPU.ActiveCfg = Debug|Any CPU
		{CCC7FF48-0ADF-4A8B-BDBA-84BB2BFDFD4B}.Debug|Any CPU.Build.0 = Debug|Any CPU
		{CCC7FF48-0ADF-4A8B-BDBA-84BB2BFDFD4B}.Release|Any CPU.ActiveCfg = Release|Any CPU
		{CCC7FF48-0ADF-4A8B-BDBA-84BB2BFDFD4B}.Release|Any CPU.Build.0 = Release|Any CPU
		{A14523DA-039E-4AC3-A115-8EEBAC3C17D9}.Debug|Any CPU.ActiveCfg = Debug|Any CPU
		{A14523DA-039E-4AC3-A115-8EEBAC3C17D9}.Debug|Any CPU.Build.0 = Debug|Any CPU
		{A14523DA-039E-4AC3-A115-8EEBAC3C17D9}.Release|Any CPU.ActiveCfg = Release|Any CPU
		{A14523DA-039E-4AC3-A115-8EEBAC3C17D9}.Release|Any CPU.Build.0 = Release|Any CPU
		{745B4CFF-C024-4961-BC00-B9D033F2C1D7}.Debug|Any CPU.ActiveCfg = Debug|Any CPU
		{745B4CFF-C024-4961-BC00-B9D033F2C1D7}.Debug|Any CPU.Build.0 = Debug|Any CPU
		{745B4CFF-C024-4961-BC00-B9D033F2C1D7}.Release|Any CPU.ActiveCfg = Release|Any CPU
		{745B4CFF-C024-4961-BC00-B9D033F2C1D7}.Release|Any CPU.Build.0 = Release|Any CPU
	EndGlobalSection
	GlobalSection(SolutionProperties) = preSolution
		HideSolutionNode = FALSE
	EndGlobalSection
	GlobalSection(NestedProjects) = preSolution
		{A14523DA-039E-4AC3-A115-8EEBAC3C17D9} = {B18C6BBF-9AE1-4C71-BD9B-7022FD842DEE}
		{745B4CFF-C024-4961-BC00-B9D033F2C1D7} = {B18C6BBF-9AE1-4C71-BD9B-7022FD842DEE}
	EndGlobalSection
	GlobalSection(ExtensibilityGlobals) = postSolution
		SolutionGuid = {FB8F3EF8-FD6F-4139-B546-6CA3108C0386}
	EndGlobalSection
EndGlobal
